
Microsoft Visual Studio Solution File, Format Version 12.00
# Visual Studio Version 17
VisualStudioVersion = 17.3.32901.215
MinimumVisualStudioVersion = 10.0.40219.1
Project("{FAE04EC0-301F-11D3-BF4B-00C04F79EFBC}") = "BreakFastTasks", "BreakFastTasks\BreakFastTasks.csproj", "{B38864C5-613E-47B4-8AB5-9FF9C7715ACA}"
EndProject
Global
	GlobalSection(SolutionConfigurationPlatforms) = preSolution
		Debug|Any CPU = Debug|Any CPU
		Release|Any CPU = Release|Any CPU
	EndGlobalSection
	GlobalSection(ProjectConfigurationPlatforms) = postSolution
		{B38864C5-613E-47B4-8AB5-9FF9C7715ACA}.Debug|Any CPU.ActiveCfg = Debug|Any CPU
		{B38864C5-613E-47B4-8AB5-9FF9C7715ACA}.Debug|Any CPU.Build.0 = Debug|Any CPU
		{B38864C5-613E-47B4-8AB5-9FF9C7715ACA}.Release|Any CPU.ActiveCfg = Release|Any CPU
		{B38864C5-613E-47B4-8AB5-9FF9C7715ACA}.Release|Any CPU.Build.0 = Release|Any CPU
	EndGlobalSection
	GlobalSection(SolutionProperties) = preSolution
		HideSolutionNode = FALSE
	EndGlobalSection
	GlobalSection(ExtensibilityGlobals) = postSolution
		SolutionGuid = {32EE36CC-97B5-4ABF-9B9E-D1ABDC6501FD}
	EndGlobalSection
EndGlobal
